
Microsoft Visual Studio Solution File, Format Version 12.00
# Visual Studio 15
VisualStudioVersion = 15.0.27703.2026
MinimumVisualStudioVersion = 10.0.40219.1
Project("{9A19103F-16F7-4668-BE54-9A1E7A4F7556}") = "InQuant.Admin.Web", "InQuant.Admin.Web\InQuant.Admin.Web.csproj", "{EAD12C96-4E35-416F-8030-7B73A80D2366}"
EndProject
Project("{2150E333-8FDC-42A3-9474-1A3956D46DE8}") = "Tests", "Tests", "{C5F194AC-8218-4CC1-BF7C-B44D02A820E1}"
EndProject
Project("{2150E333-8FDC-42A3-9474-1A3956D46DE8}") = "Modules", "Modules", "{F433D5B2-A6E9-4391-8DB5-3E30DB18DF79}"
EndProject
Project("{9A19103F-16F7-4668-BE54-9A1E7A4F7556}") = "InQuant.Framework", "InQuant.Framework\InQuant.Framework.csproj", "{90051193-88C8-46BB-A2E3-AE1723F9E4F7}"
EndProject
Project("{9A19103F-16F7-4668-BE54-9A1E7A4F7556}") = "InQuant.Framework.Tests", "InQuant.Framework.Tests\InQuant.Framework.Tests.csproj", "{90D9D392-1C7F-4E95-B78B-759D3CCB5860}"
EndProject
Project("{9A19103F-16F7-4668-BE54-9A1E7A4F7556}") = "InQuant.Security", "InQuant.Role\InQuant.Security.csproj", "{CFEE260D-3676-4546-B0B4-0105380707D9}"
EndProject
Project("{9A19103F-16F7-4668-BE54-9A1E7A4F7556}") = "InQuant.BaseData", "InQuant.BaseData\InQuant.BaseData.csproj", "{6D0A5914-F058-4068-9BEB-D784443393BB}"
EndProject
Project("{9A19103F-16F7-4668-BE54-9A1E7A4F7556}") = "InQuant.LocalizationAdmin", "InQuant.LocalizationAdmin\InQuant.LocalizationAdmin.csproj", "{8433EBE3-68D9-4579-A896-72C307AFC439}"
EndProject
Project("{9A19103F-16F7-4668-BE54-9A1E7A4F7556}") = "InQuant.Kafka", "InQuant.Kafka\InQuant.Kafka.csproj", "{20E864F3-7AEB-484B-8516-EC72148EF6C1}"
EndProject
Project("{9A19103F-16F7-4668-BE54-9A1E7A4F7556}") = "InQuant.DingTalk", "InQuant.DingTalk\InQuant.DingTalk.csproj", "{4FC44EDD-9A24-4900-98AC-6D5387E69DEC}"
EndProject
Project("{9A19103F-16F7-4668-BE54-9A1E7A4F7556}") = "InQuant.MQ", "InQuant.MQ\InQuant.MQ.csproj", "{6E45DAB5-386D-419A-8538-FB07F6F99300}"
EndProject
Project("{9A19103F-16F7-4668-BE54-9A1E7A4F7556}") = "InQuant.Cache", "InQuant.Cache\InQuant.Cache.csproj", "{F7BE3BE9-9C39-4B63-8276-3E6EB7920E15}"
EndProject
Project("{9A19103F-16F7-4668-BE54-9A1E7A4F7556}") = "InQuant.Localizations", "InQuant.Localizations\InQuant.Localizations.csproj", "{5173BB88-DD84-4B3C-B5DE-456F5E456898}"
EndProject
Project("{9A19103F-16F7-4668-BE54-9A1E7A4F7556}") = "InQuant.Navigation", "InQuant.Navigation\InQuant.Navigation.csproj", "{BEC80935-433A-448C-B445-29718DD7EF0D}"
EndProject
Project("{9A19103F-16F7-4668-BE54-9A1E7A4F7556}") = "InQuant.Authorization", "InQuant.Authorization\InQuant.Authorization.csproj", "{1EDE5BAF-2772-49A5-AD99-589A9C31AC58}"
EndProject
Global
	GlobalSection(SolutionConfigurationPlatforms) = preSolution
		Debug|Any CPU = Debug|Any CPU
		Release|Any CPU = Release|Any CPU
	EndGlobalSection
	GlobalSection(ProjectConfigurationPlatforms) = postSolution
		{EAD12C96-4E35-416F-8030-7B73A80D2366}.Debug|Any CPU.ActiveCfg = Debug|Any CPU
		{EAD12C96-4E35-416F-8030-7B73A80D2366}.Debug|Any CPU.Build.0 = Debug|Any CPU
		{EAD12C96-4E35-416F-8030-7B73A80D2366}.Release|Any CPU.ActiveCfg = Release|Any CPU
		{EAD12C96-4E35-416F-8030-7B73A80D2366}.Release|Any CPU.Build.0 = Release|Any CPU
		{90051193-88C8-46BB-A2E3-AE1723F9E4F7}.Debug|Any CPU.ActiveCfg = Debug|Any CPU
		{90051193-88C8-46BB-A2E3-AE1723F9E4F7}.Debug|Any CPU.Build.0 = Debug|Any CPU
		{90051193-88C8-46BB-A2E3-AE1723F9E4F7}.Release|Any CPU.ActiveCfg = Release|Any CPU
		{90051193-88C8-46BB-A2E3-AE1723F9E4F7}.Release|Any CPU.Build.0 = Release|Any CPU
		{90D9D392-1C7F-4E95-B78B-759D3CCB5860}.Debug|Any CPU.ActiveCfg = Debug|Any CPU
		{90D9D392-1C7F-4E95-B78B-759D3CCB5860}.Debug|Any CPU.Build.0 = Debug|Any CPU
		{90D9D392-1C7F-4E95-B78B-759D3CCB5860}.Release|Any CPU.ActiveCfg = Release|Any CPU
		{90D9D392-1C7F-4E95-B78B-759D3CCB5860}.Release|Any CPU.Build.0 = Release|Any CPU
		{CFEE260D-3676-4546-B0B4-0105380707D9}.Debug|Any CPU.ActiveCfg = Debug|Any CPU
		{CFEE260D-3676-4546-B0B4-0105380707D9}.Debug|Any CPU.Build.0 = Debug|Any CPU
		{CFEE260D-3676-4546-B0B4-0105380707D9}.Release|Any CPU.ActiveCfg = Release|Any CPU
		{CFEE260D-3676-4546-B0B4-0105380707D9}.Release|Any CPU.Build.0 = Release|Any CPU
		{6D0A5914-F058-4068-9BEB-D784443393BB}.Debug|Any CPU.ActiveCfg = Debug|Any CPU
		{6D0A5914-F058-4068-9BEB-D784443393BB}.Debug|Any CPU.Build.0 = Debug|Any CPU
		{6D0A5914-F058-4068-9BEB-D784443393BB}.Release|Any CPU.ActiveCfg = Release|Any CPU
		{6D0A5914-F058-4068-9BEB-D784443393BB}.Release|Any CPU.Build.0 = Release|Any CPU
		{8433EBE3-68D9-4579-A896-72C307AFC439}.Debug|Any CPU.ActiveCfg = Debug|Any CPU
		{8433EBE3-68D9-4579-A896-72C307AFC439}.Debug|Any CPU.Build.0 = Debug|Any CPU
		{8433EBE3-68D9-4579-A896-72C307AFC439}.Release|Any CPU.ActiveCfg = Release|Any CPU
		{8433EBE3-68D9-4579-A896-72C307AFC439}.Release|Any CPU.Build.0 = Release|Any CPU
		{20E864F3-7AEB-484B-8516-EC72148EF6C1}.Debug|Any CPU.ActiveCfg = Debug|Any CPU
		{20E864F3-7AEB-484B-8516-EC72148EF6C1}.Debug|Any CPU.Build.0 = Debug|Any CPU
		{20E864F3-7AEB-484B-8516-EC72148EF6C1}.Release|Any CPU.ActiveCfg = Release|Any CPU
		{20E864F3-7AEB-484B-8516-EC72148EF6C1}.Release|Any CPU.Build.0 = Release|Any CPU
		{4FC44EDD-9A24-4900-98AC-6D5387E69DEC}.Debug|Any CPU.ActiveCfg = Debug|Any CPU
		{4FC44EDD-9A24-4900-98AC-6D5387E69DEC}.Debug|Any CPU.Build.0 = Debug|Any CPU
		{4FC44EDD-9A24-4900-98AC-6D5387E69DEC}.Release|Any CPU.ActiveCfg = Release|Any CPU
		{4FC44EDD-9A24-4900-98AC-6D5387E69DEC}.Release|Any CPU.Build.0 = Release|Any CPU
		{6E45DAB5-386D-419A-8538-FB07F6F99300}.Debug|Any CPU.ActiveCfg = Debug|Any CPU
		{6E45DAB5-386D-419A-8538-FB07F6F99300}.Debug|Any CPU.Build.0 = Debug|Any CPU
		{6E45DAB5-386D-419A-8538-FB07F6F99300}.Release|Any CPU.ActiveCfg = Release|Any CPU
		{6E45DAB5-386D-419A-8538-FB07F6F99300}.Release|Any CPU.Build.0 = Release|Any CPU
		{F7BE3BE9-9C39-4B63-8276-3E6EB7920E15}.Debug|Any CPU.ActiveCfg = Debug|Any CPU
		{F7BE3BE9-9C39-4B63-8276-3E6EB7920E15}.Debug|Any CPU.Build.0 = Debug|Any CPU
		{F7BE3BE9-9C39-4B63-8276-3E6EB7920E15}.Release|Any CPU.ActiveCfg = Release|Any CPU
		{F7BE3BE9-9C39-4B63-8276-3E6EB7920E15}.Release|Any CPU.Build.0 = Release|Any CPU
		{5173BB88-DD84-4B3C-B5DE-456F5E456898}.Debug|Any CPU.ActiveCfg = Debug|Any CPU
		{5173BB88-DD84-4B3C-B5DE-456F5E456898}.Debug|Any CPU.Build.0 = Debug|Any CPU
		{5173BB88-DD84-4B3C-B5DE-456F5E456898}.Release|Any CPU.ActiveCfg = Release|Any CPU
		{5173BB88-DD84-4B3C-B5DE-456F5E456898}.Release|Any CPU.Build.0 = Release|Any CPU
		{BEC80935-433A-448C-B445-29718DD7EF0D}.Debug|Any CPU.ActiveCfg = Debug|Any CPU
		{BEC80935-433A-448C-B445-29718DD7EF0D}.Debug|Any CPU.Build.0 = Debug|Any CPU
		{BEC80935-433A-448C-B445-29718DD7EF0D}.Release|Any CPU.ActiveCfg = Release|Any CPU
		{BEC80935-433A-448C-B445-29718DD7EF0D}.Release|Any CPU.Build.0 = Release|Any CPU
		{1EDE5BAF-2772-49A5-AD99-589A9C31AC58}.Debug|Any CPU.ActiveCfg = Debug|Any CPU
		{1EDE5BAF-2772-49A5-AD99-589A9C31AC58}.Debug|Any CPU.Build.0 = Debug|Any CPU
		{1EDE5BAF-2772-49A5-AD99-589A9C31AC58}.Release|Any CPU.ActiveCfg = Release|Any CPU
		{1EDE5BAF-2772-49A5-AD99-589A9C31AC58}.Release|Any CPU.Build.0 = Release|Any CPU
	EndGlobalSection
	GlobalSection(SolutionProperties) = preSolution
		HideSolutionNode = FALSE
	EndGlobalSection
	GlobalSection(NestedProjects) = preSolution
		{90D9D392-1C7F-4E95-B78B-759D3CCB5860} = {C5F194AC-8218-4CC1-BF7C-B44D02A820E1}
		{CFEE260D-3676-4546-B0B4-0105380707D9} = {F433D5B2-A6E9-4391-8DB5-3E30DB18DF79}
		{6D0A5914-F058-4068-9BEB-D784443393BB} = {F433D5B2-A6E9-4391-8DB5-3E30DB18DF79}
		{8433EBE3-68D9-4579-A896-72C307AFC439} = {F433D5B2-A6E9-4391-8DB5-3E30DB18DF79}
		{20E864F3-7AEB-484B-8516-EC72148EF6C1} = {F433D5B2-A6E9-4391-8DB5-3E30DB18DF79}
		{4FC44EDD-9A24-4900-98AC-6D5387E69DEC} = {F433D5B2-A6E9-4391-8DB5-3E30DB18DF79}
		{6E45DAB5-386D-419A-8538-FB07F6F99300} = {F433D5B2-A6E9-4391-8DB5-3E30DB18DF79}
		{F7BE3BE9-9C39-4B63-8276-3E6EB7920E15} = {F433D5B2-A6E9-4391-8DB5-3E30DB18DF79}
		{5173BB88-DD84-4B3C-B5DE-456F5E456898} = {F433D5B2-A6E9-4391-8DB5-3E30DB18DF79}
		{BEC80935-433A-448C-B445-29718DD7EF0D} = {F433D5B2-A6E9-4391-8DB5-3E30DB18DF79}
		{1EDE5BAF-2772-49A5-AD99-589A9C31AC58} = {F433D5B2-A6E9-4391-8DB5-3E30DB18DF79}
	EndGlobalSection
	GlobalSection(ExtensibilityGlobals) = postSolution
		SolutionGuid = {21B2B707-4B1E-43FC-BDA6-10C5046750FC}
	EndGlobalSection
EndGlobal
